
Microsoft Visual Studio Solution File, Format Version 12.00
# Visual Studio Version 17
VisualStudioVersion = 17.3.32922.545
MinimumVisualStudioVersion = 10.0.40219.1
Project("{FAE04EC0-301F-11D3-BF4B-00C04F79EFBC}") = "Users.API", "Users.API\Users.API.csproj", "{0899B565-5A5A-415E-8DD4-D39A57D2E91E}"
EndProject
Project("{FAE04EC0-301F-11D3-BF4B-00C04F79EFBC}") = "Users.Logic", "Users.Logic\Users.Logic.csproj", "{C38D3784-A6A1-4876-9D85-280EE0BD6DA8}"
EndProject
Project("{FAE04EC0-301F-11D3-BF4B-00C04F79EFBC}") = "Users.Data", "Users.Data\Users.Data.csproj", "{EF56CD88-47D9-4147-B818-3E96B6341275}"
EndProject
Global
	GlobalSection(SolutionConfigurationPlatforms) = preSolution
		Debug|Any CPU = Debug|Any CPU
		Release|Any CPU = Release|Any CPU
	EndGlobalSection
	GlobalSection(ProjectConfigurationPlatforms) = postSolution
		{0899B565-5A5A-415E-8DD4-D39A57D2E91E}.Debug|Any CPU.ActiveCfg = Debug|Any CPU
		{0899B565-5A5A-415E-8DD4-D39A57D2E91E}.Debug|Any CPU.Build.0 = Debug|Any CPU
		{0899B565-5A5A-415E-8DD4-D39A57D2E91E}.Release|Any CPU.ActiveCfg = Release|Any CPU
		{0899B565-5A5A-415E-8DD4-D39A57D2E91E}.Release|Any CPU.Build.0 = Release|Any CPU
		{C38D3784-A6A1-4876-9D85-280EE0BD6DA8}.Debug|Any CPU.ActiveCfg = Debug|Any CPU
		{C38D3784-A6A1-4876-9D85-280EE0BD6DA8}.Debug|Any CPU.Build.0 = Debug|Any CPU
		{C38D3784-A6A1-4876-9D85-280EE0BD6DA8}.Release|Any CPU.ActiveCfg = Release|Any CPU
		{C38D3784-A6A1-4876-9D85-280EE0BD6DA8}.Release|Any CPU.Build.0 = Release|Any CPU
		{EF56CD88-47D9-4147-B818-3E96B6341275}.Debug|Any CPU.ActiveCfg = Debug|Any CPU
		{EF56CD88-47D9-4147-B818-3E96B6341275}.Debug|Any CPU.Build.0 = Debug|Any CPU
		{EF56CD88-47D9-4147-B818-3E96B6341275}.Release|Any CPU.ActiveCfg = Release|Any CPU
		{EF56CD88-47D9-4147-B818-3E96B6341275}.Release|Any CPU.Build.0 = Release|Any CPU
	EndGlobalSection
	GlobalSection(SolutionProperties) = preSolution
		HideSolutionNode = FALSE
	EndGlobalSection
	GlobalSection(ExtensibilityGlobals) = postSolution
		SolutionGuid = {225367FE-82BE-4629-94BB-58B90EC02940}
	EndGlobalSection
EndGlobal
